
Microsoft Visual Studio Solution File, Format Version 12.00
# Visual Studio Version 17
VisualStudioVersion = 17.8.34511.84
MinimumVisualStudioVersion = 10.0.40219.1
Project("{FAE04EC0-301F-11D3-BF4B-00C04F79EFBC}") = "Time and Sound", "Time and Sound.csproj", "{94D6C8D6-EF29-463D-9356-105BE9671F28}"
EndProject
Global
	GlobalSection(SolutionConfigurationPlatforms) = preSolution
		Debug|Any CPU = Debug|Any CPU
		Release|Any CPU = Release|Any CPU
	EndGlobalSection
	GlobalSection(ProjectConfigurationPlatforms) = postSolution
		{94D6C8D6-EF29-463D-9356-105BE9671F28}.Debug|Any CPU.ActiveCfg = Debug|Any CPU
		{94D6C8D6-EF29-463D-9356-105BE9671F28}.Debug|Any CPU.Build.0 = Debug|Any CPU
		{94D6C8D6-EF29-463D-9356-105BE9671F28}.Release|Any CPU.ActiveCfg = Release|Any CPU
		{94D6C8D6-EF29-463D-9356-105BE9671F28}.Release|Any CPU.Build.0 = Release|Any CPU
	EndGlobalSection
	GlobalSection(SolutionProperties) = preSolution
		HideSolutionNode = FALSE
	EndGlobalSection
	GlobalSection(ExtensibilityGlobals) = postSolution
		SolutionGuid = {192C5C49-15E0-42BE-84C2-A2E0532786BC}
	EndGlobalSection
EndGlobal
